
Microsoft Visual Studio Solution File, Format Version 12.00
Project("{FAE04EC0-301F-11D3-BF4B-00C04F79EFBC}") = "UnitTestSamples", "UnitTestSamples\UnitTestSamples.csproj", "{D27C25F5-04DE-4F33-87AF-6A6CA0E00AAA}"
EndProject
Global
	GlobalSection(SolutionConfigurationPlatforms) = preSolution
		Debug|Any CPU = Debug|Any CPU
		Release|Any CPU = Release|Any CPU
	EndGlobalSection
	GlobalSection(ProjectConfigurationPlatforms) = postSolution
		{D27C25F5-04DE-4F33-87AF-6A6CA0E00AAA}.Debug|Any CPU.ActiveCfg = Debug|Any CPU
		{D27C25F5-04DE-4F33-87AF-6A6CA0E00AAA}.Debug|Any CPU.Build.0 = Debug|Any CPU
		{D27C25F5-04DE-4F33-87AF-6A6CA0E00AAA}.Release|Any CPU.ActiveCfg = Release|Any CPU
		{D27C25F5-04DE-4F33-87AF-6A6CA0E00AAA}.Release|Any CPU.Build.0 = Release|Any CPU
	EndGlobalSection
EndGlobal
